
Microsoft Visual Studio Solution File, Format Version 12.00
# Visual Studio 14
VisualStudioVersion = 14.0.25123.0
MinimumVisualStudioVersion = 10.0.40219.1
Project("{FAE04EC0-301F-11D3-BF4B-00C04F79EFBC}") = "Owin.Scim", "Owin.Scim\Owin.Scim.csproj", "{5DDB5F75-55CA-47ED-8132-03B757148275}"
	ProjectSection(ProjectDependencies) = postProject
		{F551E5EB-5E0C-495E-8137-3C8C62BEB86E} = {F551E5EB-5E0C-495E-8137-3C8C62BEB86E}
	EndProjectSection
EndProject
Project("{2150E333-8FDC-42A3-9474-1A3956D46DE8}") = ".tests", ".tests", "{A24F7EA3-A8C6-4803-A5BA-331E73579DC6}"
EndProject
Project("{FAE04EC0-301F-11D3-BF4B-00C04F79EFBC}") = "Owin.Scim.Tests", "_tests\Owin.Scim.Tests\Owin.Scim.Tests.csproj", "{895DAB3B-6CAD-4857-9612-FD0A498C6EE6}"
EndProject
Project("{2150E333-8FDC-42A3-9474-1A3956D46DE8}") = ".nuspec", ".nuspec", "{B2BFDBC5-6B18-4120-88C8-62D0BD85178D}"
	ProjectSection(SolutionItems) = preProject
		Owin.Scim\Owin.Scim.nuspec = Owin.Scim\Owin.Scim.nuspec
	EndProjectSection
EndProject
Project("{FAE04EC0-301F-11D3-BF4B-00C04F79EFBC}") = "Owin.Scim.Antlr", "Owin.Scim.Antlr\Owin.Scim.Antlr.csproj", "{F551E5EB-5E0C-495E-8137-3C8C62BEB86E}"
EndProject
Global
	GlobalSection(SolutionConfigurationPlatforms) = preSolution
		Debug|Any CPU = Debug|Any CPU
		Release|Any CPU = Release|Any CPU
	EndGlobalSection
	GlobalSection(ProjectConfigurationPlatforms) = postSolution
		{5DDB5F75-55CA-47ED-8132-03B757148275}.Debug|Any CPU.ActiveCfg = Debug|Any CPU
		{5DDB5F75-55CA-47ED-8132-03B757148275}.Debug|Any CPU.Build.0 = Debug|Any CPU
		{5DDB5F75-55CA-47ED-8132-03B757148275}.Release|Any CPU.ActiveCfg = Release|Any CPU
		{5DDB5F75-55CA-47ED-8132-03B757148275}.Release|Any CPU.Build.0 = Release|Any CPU
		{895DAB3B-6CAD-4857-9612-FD0A498C6EE6}.Debug|Any CPU.ActiveCfg = Debug|Any CPU
		{895DAB3B-6CAD-4857-9612-FD0A498C6EE6}.Debug|Any CPU.Build.0 = Debug|Any CPU
		{895DAB3B-6CAD-4857-9612-FD0A498C6EE6}.Release|Any CPU.ActiveCfg = Release|Any CPU
		{895DAB3B-6CAD-4857-9612-FD0A498C6EE6}.Release|Any CPU.Build.0 = Release|Any CPU
		{F551E5EB-5E0C-495E-8137-3C8C62BEB86E}.Debug|Any CPU.ActiveCfg = Debug|Any CPU
		{F551E5EB-5E0C-495E-8137-3C8C62BEB86E}.Debug|Any CPU.Build.0 = Debug|Any CPU
		{F551E5EB-5E0C-495E-8137-3C8C62BEB86E}.Release|Any CPU.ActiveCfg = Release|Any CPU
		{F551E5EB-5E0C-495E-8137-3C8C62BEB86E}.Release|Any CPU.Build.0 = Release|Any CPU
	EndGlobalSection
	GlobalSection(SolutionProperties) = preSolution
		HideSolutionNode = FALSE
	EndGlobalSection
	GlobalSection(NestedProjects) = preSolution
		{895DAB3B-6CAD-4857-9612-FD0A498C6EE6} = {A24F7EA3-A8C6-4803-A5BA-331E73579DC6}
	EndGlobalSection
EndGlobal
